{
    "_meta": {
        "hash": {
            "sha256": "890a74f081574bb2e8f0174294cec88534c2ef2b9f5a21b6ecd75668c7015f4b"
        },
        "pipfile-spec": 6,
        "requires": {
            "python_version": "3.9"
        },
        "sources": [
            {
                "name": "pypi",
                "url": "https://pypi.org/simple",
                "verify_ssl": true
            }
        ]
    },
    "default": {
        "annotated-types": {
            "hashes": [
                "sha256:47cdc3490d9ac1506ce92c7aaa76c579dc3509ff11e098fc867e5130ab7be802",
                "sha256:58da39888f92c276ad970249761ebea80ba544b77acddaa1a4d6cf78287d45fd"
            ],
            "markers": "python_version >= '3.7'",
            "version": "==0.5.0"
        },
        "anyio": {
            "hashes": [
                "sha256:44a3c9aba0f5defa43261a8b3efb97891f2bd7d804e0e1f56419befa1adfc780",
                "sha256:91dee416e570e92c64041bd18b900d1d6fa78dff7048769ce5ac5ddad004fbb5"
            ],
            "markers": "python_version >= '3.7'",
            "version": "==3.7.1"
        },
        "asgiref": {
            "hashes": [
                "sha256:89b2ef2247e3b562a16eef663bc0e2e703ec6468e2fa8a5cd61cd449786d4f6e",
                "sha256:9e0ce3aa93a819ba5b45120216b23878cf6e8525eb3848653452b4192b92afed"
            ],
            "markers": "python_version >= '3.7'",
            "version": "==3.7.2"
        },
        "click": {
            "hashes": [
                "sha256:2739815aaa5d2c986a88f1e9230c55e17f0caad3d958a5e13ad0797c166db9e3",
                "sha256:b97d0c74955da062a7d4ef92fadb583806a585b2ea81958a81bd72726cbb8e37"
            ],
            "markers": "python_version >= '3.7'",
            "version": "==8.1.4"
        },
        "django": {
            "hashes": [
                "sha256:45a747e1c5b3d6df1b141b1481e193b033fd1fdbda3ff52677dc81afdaacbaed",
                "sha256:f7c7852a5ac5a3da5a8d5b35cc6168f31b605971441798dac845f17ca8028039"
            ],
            "index": "pypi",
            "version": "==4.2.3"
        },
        "django-cors-headers": {
            "hashes": [
                "sha256:9ada212b0e2efd4a5e339360ffc869cb21ac5605e810afe69f7308e577ea5bde",
                "sha256:f9749c6410fe738278bc2b6ef17f05195bc7b251693c035752d8257026af024f"
            ],
            "index": "pypi",
            "version": "==4.2.0"
        },
        "djangorestframework": {
            "hashes": [
                "sha256:579a333e6256b09489cbe0a067e66abe55c6595d8926be6b99423786334350c8",
                "sha256:eb63f58c9f218e1a7d064d17a70751f528ed4e1d35547fdade9aaf4cd103fd08"
            ],
            "index": "pypi",
            "version": "==3.14.0"
        },
        "exceptiongroup": {
            "hashes": [
                "sha256:12c3e887d6485d16943a309616de20ae5582633e0a2eda17f4e10fd61c1e8af5",
                "sha256:e346e69d186172ca7cf029c8c1d16235aa0e04035e5750b4b95039e65204328f"
            ],
            "markers": "python_version < '3.11'",
            "version": "==1.1.2"
        },
        "fastapi": {
            "hashes": [
                "sha256:271662daf986da8fa98dc2b7c7f61c4abdfdccfb4786d79ed8b2878f172c6d5f",
                "sha256:acb5f941ea8215663283c10018323ba7ea737c571b67fc7e88e9469c7eb1d12e"
            ],
            "index": "pypi",
            "version": "==0.100.0"
        },
        "h11": {
            "hashes": [
                "sha256:8f19fbbe99e72420ff35c00b27a34cb9937e902a8b810e2c88300c6f0a3b699d",
                "sha256:e3fe4ac4b851c468cc8363d500db52c2ead036020723024a109d37346efaa761"
            ],
            "markers": "python_version >= '3.7'",
            "version": "==0.14.0"
        },
        "idna": {
            "hashes": [
                "sha256:814f528e8dead7d329833b91c5faa87d60bf71824cd12a7530b5526063d02cb4",
                "sha256:90b77e79eaa3eba6de819a0c442c0b4ceefc341a7a2ab77d7562bf49f425c5c2"
            ],
            "markers": "python_version >= '3.5'",
            "version": "==3.4"
        },
        "maturin": {
            "hashes": [
                "sha256:19332aa0830f23813e461f61e4d2b7d0c6f8ec84c335040232aafea3f068ac31",
                "sha256:32e95212e6b334caf68d278bcc5137dde020a8e84095c2728d9b08d2311e5d64",
                "sha256:3f6f1e8e970f7728c26eeb55b4c38103f2c5d830b9df4c12fd00903eef7a4114",
                "sha256:4252241c196abf0ede0088e38bc3c181fe0bf073a974d6594493f3ae7232545c",
                "sha256:4650aeaa8debd004b55aae7afb75248cbd4d61cd7da2dcf4ead8b22b58cecae0",
                "sha256:47705b6c5b5ec9d883f6b4fb6ae2480a07a77aabbfbc658d6327c9d6cd74c7cf",
                "sha256:6f63dc6f9dba2081346f0ff40019e67a72eb20af7ee4847dc21174dd3636a981",
                "sha256:7a2398df2d2f5ba4970ac7f670108e7c7e2da39185caf9b9f9e67d14ae4315e2",
                "sha256:9042ea6538529e22954c0a4eefbe55026a9eba45484423882dd8eb97854b29dd",
                "sha256:a36efcca897b356deee56c7a3c399c595201518a892ec0f20f0f20abb3064ccb",
                "sha256:c0fecd5ae4f8bad703ee648873d837e3bd6eb846f48ff8607bfb0556a2010adc",
                "sha256:eb04f3473b9f283eba51a5dc20dc0bab6f8741048c1bbc5e45f39cc29ad69aa6",
                "sha256:eee3c9b2cd80adee6938ea1828882795e261a7fc6b5ebaed15003ed4d713adaa"
            ],
            "index": "pypi",
            "version": "==1.1.0"
        },
        "psycopg2-binary": {
            "hashes": [
                "sha256:02c0f3757a4300cf379eb49f543fb7ac527fb00144d39246ee40e1df684ab514",
                "sha256:02c6e3cf3439e213e4ee930308dc122d6fb4d4bea9aef4a12535fbd605d1a2fe",
                "sha256:0645376d399bfd64da57148694d78e1f431b1e1ee1054872a5713125681cf1be",
                "sha256:0892ef645c2fabb0c75ec32d79f4252542d0caec1d5d949630e7d242ca4681a3",
                "sha256:0d236c2825fa656a2d98bbb0e52370a2e852e5a0ec45fc4f402977313329174d",
                "sha256:0e0f754d27fddcfd74006455b6e04e6705d6c31a612ec69ddc040a5468e44b4e",
                "sha256:15e2ee79e7cf29582ef770de7dab3d286431b01c3bb598f8e05e09601b890081",
                "sha256:1876843d8e31c89c399e31b97d4b9725a3575bb9c2af92038464231ec40f9edb",
                "sha256:1f64dcfb8f6e0c014c7f55e51c9759f024f70ea572fbdef123f85318c297947c",
                "sha256:2ab652e729ff4ad76d400df2624d223d6e265ef81bb8aa17fbd63607878ecbee",
                "sha256:30637a20623e2a2eacc420059be11527f4458ef54352d870b8181a4c3020ae6b",
                "sha256:34b9ccdf210cbbb1303c7c4db2905fa0319391bd5904d32689e6dd5c963d2ea8",
                "sha256:38601cbbfe600362c43714482f43b7c110b20cb0f8172422c616b09b85a750c5",
                "sha256:441cc2f8869a4f0f4bb408475e5ae0ee1f3b55b33f350406150277f7f35384fc",
                "sha256:498807b927ca2510baea1b05cc91d7da4718a0f53cb766c154c417a39f1820a0",
                "sha256:4ac30da8b4f57187dbf449294d23b808f8f53cad6b1fc3623fa8a6c11d176dd0",
                "sha256:4c727b597c6444a16e9119386b59388f8a424223302d0c06c676ec8b4bc1f963",
                "sha256:4d67fbdaf177da06374473ef6f7ed8cc0a9dc640b01abfe9e8a2ccb1b1402c1f",
                "sha256:4dfb4be774c4436a4526d0c554af0cc2e02082c38303852a36f6456ece7b3503",
                "sha256:4ea29fc3ad9d91162c52b578f211ff1c931d8a38e1f58e684c45aa470adf19e2",
                "sha256:51537e3d299be0db9137b321dfb6a5022caaab275775680e0c3d281feefaca6b",
                "sha256:61b047a0537bbc3afae10f134dc6393823882eb263088c271331602b672e52e9",
                "sha256:6460c7a99fc939b849431f1e73e013d54aa54293f30f1109019c56a0b2b2ec2f",
                "sha256:65bee1e49fa6f9cf327ce0e01c4c10f39165ee76d35c846ade7cb0ec6683e303",
                "sha256:65c07febd1936d63bfde78948b76cd4c2a411572a44ac50719ead41947d0f26b",
                "sha256:71f14375d6f73b62800530b581aed3ada394039877818b2d5f7fc77e3bb6894d",
                "sha256:7a40c00dbe17c0af5bdd55aafd6ff6679f94a9be9513a4c7e071baf3d7d22a70",
                "sha256:7e13a5a2c01151f1208d5207e42f33ba86d561b7a89fca67c700b9486a06d0e2",
                "sha256:7f0438fa20fb6c7e202863e0d5ab02c246d35efb1d164e052f2f3bfe2b152bd0",
                "sha256:8122cfc7cae0da9a3077216528b8bb3629c43b25053284cc868744bfe71eb141",
                "sha256:8338a271cb71d8da40b023a35d9c1e919eba6cbd8fa20a54b748a332c355d896",
                "sha256:84d2222e61f313c4848ff05353653bf5f5cf6ce34df540e4274516880d9c3763",
                "sha256:8a6979cf527e2603d349a91060f428bcb135aea2be3201dff794813256c274f1",
                "sha256:8a76e027f87753f9bd1ab5f7c9cb8c7628d1077ef927f5e2446477153a602f2c",
                "sha256:964b4dfb7c1c1965ac4c1978b0f755cc4bd698e8aa2b7667c575fb5f04ebe06b",
                "sha256:9972aad21f965599ed0106f65334230ce826e5ae69fda7cbd688d24fa922415e",
                "sha256:a8c28fd40a4226b4a84bdf2d2b5b37d2c7bd49486b5adcc200e8c7ec991dfa7e",
                "sha256:ae102a98c547ee2288637af07393dd33f440c25e5cd79556b04e3fca13325e5f",
                "sha256:af335bac6b666cc6aea16f11d486c3b794029d9df029967f9938a4bed59b6a19",
                "sha256:afe64e9b8ea66866a771996f6ff14447e8082ea26e675a295ad3bdbffdd72afb",
                "sha256:b4b24f75d16a89cc6b4cdff0eb6a910a966ecd476d1e73f7ce5985ff1328e9a6",
                "sha256:b6c8288bb8a84b47e07013bb4850f50538aa913d487579e1921724631d02ea1b",
                "sha256:b83456c2d4979e08ff56180a76429263ea254c3f6552cd14ada95cff1dec9bb8",
                "sha256:bfb13af3c5dd3a9588000910178de17010ebcccd37b4f9794b00595e3a8ddad3",
                "sha256:c3dba7dab16709a33a847e5cd756767271697041fbe3fe97c215b1fc1f5c9848",
                "sha256:c48d8f2db17f27d41fb0e2ecd703ea41984ee19362cbce52c097963b3a1b4365",
                "sha256:c7e62ab8b332147a7593a385d4f368874d5fe4ad4e341770d4983442d89603e3",
                "sha256:c83a74b68270028dc8ee74d38ecfaf9c90eed23c8959fca95bd703d25b82c88e",
                "sha256:cacbdc5839bdff804dfebc058fe25684cae322987f7a38b0168bc1b2df703fb1",
                "sha256:cf4499e0a83b7b7edcb8dabecbd8501d0d3a5ef66457200f77bde3d210d5debb",
                "sha256:cfec476887aa231b8548ece2e06d28edc87c1397ebd83922299af2e051cf2827",
                "sha256:d26e0342183c762de3276cca7a530d574d4e25121ca7d6e4a98e4f05cb8e4df7",
                "sha256:d4e6036decf4b72d6425d5b29bbd3e8f0ff1059cda7ac7b96d6ac5ed34ffbacd",
                "sha256:d57c3fd55d9058645d26ae37d76e61156a27722097229d32a9e73ed54819982a",
                "sha256:dfa74c903a3c1f0d9b1c7e7b53ed2d929a4910e272add6700c38f365a6002820",
                "sha256:e3ed340d2b858d6e6fb5083f87c09996506af483227735de6964a6100b4e6a54",
                "sha256:e78e6e2a00c223e164c417628572a90093c031ed724492c763721c2e0bc2a8df",
                "sha256:e9182eb20f41417ea1dd8e8f7888c4d7c6e805f8a7c98c1081778a3da2bee3e4",
                "sha256:e99e34c82309dd78959ba3c1590975b5d3c862d6f279f843d47d26ff89d7d7e1",
                "sha256:f6a88f384335bb27812293fdb11ac6aee2ca3f51d3c7820fe03de0a304ab6249",
                "sha256:f81e65376e52f03422e1fb475c9514185669943798ed019ac50410fb4c4df232",
                "sha256:ffe9dc0a884a8848075e576c1de0290d85a533a9f6e9c4e564f19adf8f6e54a7"
            ],
            "index": "pypi",
            "version": "==2.9.6"
        },
        "pydantic": {
            "hashes": [
                "sha256:b802f5245b8576315fe619e5989fd083448fa1258638ef9dac301ca60878396d",
                "sha256:f5581e0c79b2ec2fa25a9d30d766629811cdda022107fa73d022ab5578873ae3"
            ],
            "markers": "python_version >= '3.7'",
            "version": "==2.0.2"
        },
        "pydantic-core": {
            "hashes": [
                "sha256:017700236ea2e7afbef5d3803559c80bd8720306778ebd49268de7ce9972e83e",
                "sha256:047e782b9918f35ef534ced36f1fd2064f5581229b7a15e4d3177387a6b53134",
                "sha256:0681472245ef182554208a25d16884c84f1c5a69f14e6169b88932e5da739a1c",
                "sha256:06ae67547251135a1b3f8dd465797b13146295a3866bc12ddd73f7512787bb7c",
                "sha256:080a7af828388284a68ad7d3d3eac3bcfff6a580292849aff087e7d556ec42d4",
                "sha256:0855cf8b760fb40f97f0226cb527c8a94a2ab9d8179628beae20d6939aaeacb0",
                "sha256:087ddbb754575618a8832ee4ab52fe7eb332f502e2a56088b53dbeb5c4efdf9f",
                "sha256:0b5d37aedea5963f2097bddbcdb255483191646a52d40d8bb66d61c190fcac91",
                "sha256:0be2e2812a43205728a06c9d0fd090432cd76a9bb5bff2bfcfdf8b0e27d51851",
                "sha256:0e5761ce986ec709897b1b965fad9743f301500434bea3cbab2b6e662571580f",
                "sha256:15eb4cb543ed36f6a4f16e3bee7aa7ed1c3757be95a3f3bbb2b82b9887131e0f",
                "sha256:1635a37137fafbc6ee0a8c879857e05b30b1aabaa927e653872b71f1501b1502",
                "sha256:1a5c4475510d1a9cc1458a26cfc21442223e52ce9adb640775c38739315d03c7",
                "sha256:1c917f7a41d9d09b8b024a5d65cf37e5588ccdb6e610d2df565fb7186b1f3b1c",
                "sha256:2278ca0b0dfbcfb1e12fa58570916dc260dc72bee5e6e342debf5329d8204688",
                "sha256:24c3c9180a2d19d640bacc2d00f497a9a1f2abadb2a9ee201b56bb03bc5343bd",
                "sha256:2575664f0a559a7b951a518f6f34c23cab7190f34f8220b8c8218c4f403147ee",
                "sha256:2ca2d2d5ab65fb40dd05259965006edcc62a9d9b30102737c0a6f45bcbd254e8",
                "sha256:2ee3ae58f271851362f6c9b33e4c9f9e866557ec7d8c03dc091e9b5aa5566cec",
                "sha256:3747a4178139ebf3f19541285b2eb7c886890ca4eb7eec851578c02a13cc1385",
                "sha256:4663293a36a851a860b1299c50837914269fca127434911297dd39fea9667a01",
                "sha256:46cd323371aa7e4053010ccdb94063a4273aa9e5dbe97f8a1147faa769de8d8d",
                "sha256:4938b32c09dbcecbeb652327cb4a449b1ef1a1bf6c8fc2c8241aa6b8f6d63b54",
                "sha256:4ac140d54da366672f6b91f9a1e8e2d4e7e72720143353501ae886d3fca03272",
                "sha256:4aff436c23c68449601b3fba7075b4f37ef8fbb893c8c1ed3ef898f090332b1e",
                "sha256:4e67f9b9dfda2e42b39459cbf99d319ccb90da151e35cead3521975b2afbf673",
                "sha256:5056afea59651c4e47ec6dadbb77ccae4742c059a3d12bc1c0e393d189d2970d",
                "sha256:51968887d6bd1eaa7fc7759701ea8ccb470c04654beaa8ede6835b0533f206a9",
                "sha256:5948af62f323252d56acaec8ebfca5f15933f6b72f8dbe3bf21ee97b2d10e3f0",
                "sha256:5a014ee88980013d192a718cbb88e8cea20acd3afad69bc6d15672d05a49cdb6",
                "sha256:60b7239206a2f61ad89c7518adfacb3ccd6662eaa07c5e437317aea2615a1f18",
                "sha256:682ff9228c838018c47dfa89b3d84cca45f88cacde28807ab8296ec221862af4",
                "sha256:68a2a767953c707d9575dcf14d8edee7930527ee0141a8bb612c22d1f1059f9a",
                "sha256:6bf00f56a4468f5b03dadb672a5f1d24aea303d4ccffe8a0f548c9e36017edd3",
                "sha256:6e3bcb4a9bc209a61ea2aceb7433ce2ece32c7e670b0c06848bf870c9b3e7d87",
                "sha256:7345b1741bf66a9d8ed0ec291c3eabd534444e139e1ea6db5742ac9fd3be2530",
                "sha256:74a33aa69d476773230396396afb8e11908f8dafdcfd422e746770599a3f889d",
                "sha256:7648e48ba263ca0a8a2dc55a60a219c9133fb101ba52c89a14a29fb3d4322ca3",
                "sha256:7684b5fb906b37e940c5df3f57118f32e033af5e4770e5ae2ae56fbd2fe1a30a",
                "sha256:76c9c55462740d728b344e3a087775846516c3fee31ec56e2075faa7cfcafcbf",
                "sha256:7c7ad8958aadfbcd664078002246796ecd5566b64b22f6af4fd1bbcec6bf8f60",
                "sha256:7ff6bfe63f447a509ed4d368a7f4ba6a7abc03bc4744fc3fb30f2ffab73f3821",
                "sha256:804cf8f6a859620f8eb754c02f7770f61c3e9c519f8338c331d555b3d6976e3c",
                "sha256:8125152b03dd91deca5afe5b933a1994b39405adf6be2fe8dce3632319283f85",
                "sha256:817681d111cb65f07d46496eafec815f48e1aff37713b73135a0a9eb4d3610ab",
                "sha256:818f5cb1b209ab1295087c45717178f4bbbd2bd7eda421f7a119e7b9b736a3cb",
                "sha256:82e09f27edab289187dd924d4d93f2a35f21aa969699b2504aa643da7fbfeff9",
                "sha256:840238c845b0f80777151fef0003088ab91c6f7b3467edaff4932b425c4e3c3f",
                "sha256:87cff210af3258ca0c829e3ebc849d7981bfde23a99d6cb7a3c17a163b3dbad2",
                "sha256:8884a1dbfc5cb8c54b48446ca916d4577c1f4d901126091e4ab25d00194e065f",
                "sha256:88a56f0f6d020b4d17641f4b4d1f9540a536d4146768d059c430e97bdb485fc1",
                "sha256:8b9a5fc4058d64c9c826684dcdb43891c1b474a4a88dcf8dfc3e1fb5889496f8",
                "sha256:8c0213891898fa5b404cf3edf4797e3ac7819a0708ea5473fc6432a2aa27c189",
                "sha256:8e6ce261ccb9a986953c4dce070327e4954f9dd4cd214746dfc70efbc713b6a1",
                "sha256:8eb4e2b71562375609c66a79f89acd4fe95c5cba23473d04952c8b14b6f908f5",
                "sha256:90b06bb47e60173d24c7cb79670aa8dd6081797290353b9d3c66d3a23e88eb34",
                "sha256:94d368af9e6563de6e7170a74710a2cbace7a1e9c8e507d9e3ac34c7065d7ae3",
                "sha256:9a5fba9168fc27805553760fa8198db46eef83bf52b4e87ebbe1333b823d0e70",
                "sha256:9b9f8bf1d7008a58fbb6eb334dc6e2f2905400cced8dadb46c4ca28f005a8562",
                "sha256:a4ae46769d9a7138d58cd190441cac14ce954010a0081f28462ed916c8e55a4f",
                "sha256:a772c652603855d7180015849d483a1f539351a263bb9b81bfe85193a33ce124",
                "sha256:a8b9c2cc4c5f8169b943d24be4bd1548fe81c016d704126e3a3124a2fc164885",
                "sha256:aa39499625239da4ec960cf4fc66b023929b24cc77fb8520289cfdb3c1986428",
                "sha256:aa54902fa51f7d921ba80923cf1c7ff3dce796a7903300bd8824deb90e357744",
                "sha256:ac462a28218ea7d592c7ad51b517558f4ac6565a4e53db7a4811eeaf9c9660b0",
                "sha256:af832edd384755826e494ffdcf1fdda86e4babc42a0b18d342943fb18181040e",
                "sha256:b1fad38db1744d27061df516e59c5025b09b0a50a337c04e6eebdbddc18951bc",
                "sha256:b4038869ba1d8fa33863b4b1286ab07e6075a641ae269b865f94d7e10b3e800e",
                "sha256:b4673d1f29487608d613ebcc5caa99ba15eb58450a7449fb6d800f29d90bebc1",
                "sha256:b4815720c266e832b20e27a7a5f3772bb09fdedb31a9a34bab7b49d98967ef5a",
                "sha256:b59a64c367f350873c40a126ffe9184d903d2126c701380b4b55753484df5948",
                "sha256:b74906e01c7fc938ac889588ef438de812989817095c3c4904721f647d64a4d1",
                "sha256:b815a769b019dd96be6571096f246b74f63330547e9b30244c51b4a2eb0277fc",
                "sha256:bad7029fb2251c1ac7d3acdd607e540d40d137a7d43a5e5acdcfdbd38db3fc0a",
                "sha256:bb471ea8650796060afc99909d9b75da583d317e52f660faf64c45f70b3bf1e2",
                "sha256:bd95d223de5162811a7b36c73d48eac4fee03b075132f3a1b73c132ce157a60c",
                "sha256:be3419204952bbe9b72b90008977379c52f99ae1c6e640488de4be783c345d71",
                "sha256:c0f481aaf0119f77b200e5a5e2799b3e14c015a317eaa948f42263908735cc9f",
                "sha256:c2d00a96fdf26295c6f25eaf9e4a233f353146a73713cd97a5f5dc6090c3aef2",
                "sha256:c720e55cef609d50418bdfdfb5c44a76efc020ae7455505788d0113c54c7df55",
                "sha256:cb854ec52e6e2e05b83d647695f4d913452fdd45a3dfa8233d7dab5967b3908f",
                "sha256:cbba32fb14e199d0493c6b9c44870dab0a9c37af9f0f729068459d1849279ffd",
                "sha256:cd62f73830d4715bc643ae39de0bd4fb9c81d6d743530074da91e77a2cccfe67",
                "sha256:cf92dccca8f66e987f6c4378700447f82b79e86407912ab1ee06b16b82f05120",
                "sha256:d281a10837d98db997c0247f45d138522c91ce30cf3ae7a6afdb5e709707d360",
                "sha256:d2c790f0d928b672484eac4f5696dd0b78f3d6d148a641ea196eb49c0875e30a",
                "sha256:d35d634d9d1ed280c87bc2a7a6217b8787eedc86f368fc2fa1c0c8c78f7d3c93",
                "sha256:db4564aea8b3cb6cf1e5f3fd80f1ced73a255d492396d1bd8abd688795b34d63",
                "sha256:dc737506b4a0ba2922a2626fc6d620ce50a46aebd0fe2fbcad1b93bbdd8c7e78",
                "sha256:e17056390068afd4583d88dcf4d4495764e4e2c7d756464468e0d21abcb8931e",
                "sha256:e68a404fad8493989d6f07b7b9e066f1d2524d7cb64db2d4e9a84c920032c67f",
                "sha256:e7fd334b40c5e13a97becfcaba314de0dcc6f7fe21ec8f992139bcc64700e9dc",
                "sha256:eb4301f009a44bb5db5edfe4e51a8175a4112b566baec07f4af8b1f8cb4649a2",
                "sha256:ebf583f4d9b52abd15cc59e5f6eeca7e3e9741c6ea62d8711c00ac3acb067875",
                "sha256:ef71e73a81a4cd7e87c93e8ff0170140fd93ba33b0f61e83da3f55f6e0a84fb4",
                "sha256:f0eb54b11cd4fe0c6404611eef77086ade03eb1457e92910bbb4f3479efa3f79",
                "sha256:f2de65752fff248319bcd3b29da24e205fa505607539fcd4acc4037355175b63",
                "sha256:f5de2d4167fd4bc5ad205fb7297e25867b8e335ca08d64ed7a561d2955a2c32d",
                "sha256:f7bcdf70c8b6e70be11c78d3c00b80a24cccfb408128f23e91ec3019bed1ecc1",
                "sha256:fa38a76e832743866aed6b715869757074b06357d1a260163ec26d84974245fe",
                "sha256:fc909f62325a631e1401dd07dfc386986dbcac15f98c9ff2145d930678a9d25a"
            ],
            "markers": "python_version >= '3.7'",
            "version": "==2.1.2"
        },
        "pytz": {
            "hashes": [
                "sha256:1d8ce29db189191fb55338ee6d0387d82ab59f3d00eac103412d64e0ebd0c588",
                "sha256:a151b3abb88eda1d4e34a9814df37de2a80e301e68ba0fd856fb9b46bfbbbffb"
            ],
            "version": "==2023.3"
        },
        "sniffio": {
            "hashes": [
                "sha256:e60305c5e5d314f5389259b7f22aaa33d8f7dee49763119234af3755c55b9101",
                "sha256:eecefdce1e5bbfb7ad2eeaabf7c1eeb404d7757c379bd1f7e5cce9d8bf425384"
            ],
            "markers": "python_version >= '3.7'",
            "version": "==1.3.0"
        },
        "sqlparse": {
            "hashes": [
                "sha256:5430a4fe2ac7d0f93e66f1efc6e1338a41884b7ddf2a350cedd20ccc4d9d28f3",
                "sha256:d446183e84b8349fa3061f0fe7f06ca94ba65b426946ffebe6e3e8295332420c"
            ],
            "markers": "python_version >= '3.5'",
            "version": "==0.4.4"
        },
        "starlette": {
            "hashes": [
                "sha256:6a6b0d042acb8d469a01eba54e9cda6cbd24ac602c4cd016723117d6a7e73b75",
                "sha256:918416370e846586541235ccd38a474c08b80443ed31c578a418e2209b3eef91"
            ],
            "markers": "python_version >= '3.7'",
            "version": "==0.27.0"
        },
        "tomli": {
            "hashes": [
                "sha256:939de3e7a6161af0c887ef91b7d41a53e7c5a1ca976325f429cb46ea9bc30ecc",
                "sha256:de526c12914f0c550d15924c62d72abc48d6fe7364aa87328337a31007fe8a4f"
            ],
            "markers": "python_version < '3.11'",
            "version": "==2.0.1"
        },
        "typing-extensions": {
            "hashes": [
                "sha256:440d5dd3af93b060174bf433bccd69b0babc3b15b1a8dca43789fd7f61514b36",
                "sha256:b75ddc264f0ba5615db7ba217daeb99701ad295353c45f9e95963337ceeeffb2"
            ],
            "markers": "python_version < '3.11'",
            "version": "==4.7.1"
        },
        "uvicorn": {
            "hashes": [
                "sha256:79277ae03db57ce7d9aa0567830bbb51d7a612f54d6e1e3e92da3ef24c2c8ed8",
                "sha256:e9434d3bbf05f310e762147f769c9f21235ee118ba2d2bf1155a7196448bd996"
            ],
            "index": "pypi",
            "version": "==0.22.0"
        }
    },
    "develop": {}
}
